{
  "lockfile_version": "1",
  "packages": {
    "docker@24.0.9": {
      "last_modified": "2024-07-27T00:41:21Z",
      "resolved": "github:NixOS/nixpkgs/48bacf585a51d953def8bff32087970f273052e2#docker",
      "source": "devbox-search",
      "version": "24.0.9",
      "systems": {
        "aarch64-darwin": {
          "outputs": [
            {
              "name": "out",
              "path": "/nix/store/qy96rirjs6irlr4bpqiqqbwg71cxh6js-docker-24.0.9",
              "default": true
            }
          ],
          "store_path": "/nix/store/qy96rirjs6irlr4bpqiqqbwg71cxh6js-docker-24.0.9"
        },
        "aarch64-linux": {
          "outputs": [
            {
              "name": "out",
              "path": "/nix/store/fl9m8f3vv8y4j2lnsfq5kg7qk2mn5igs-docker-24.0.9",
              "default": true
            }
          ],
          "store_path": "/nix/store/fl9m8f3vv8y4j2lnsfq5kg7qk2mn5igs-docker-24.0.9"
        },
        "x86_64-darwin": {
          "outputs": [
            {
              "name": "out",
              "path": "/nix/store/k2s66pgszwyvzjnfm2jzz0d5z2nvliic-docker-24.0.9",
              "default": true
            }
          ],
          "store_path": "/nix/store/k2s66pgszwyvzjnfm2jzz0d5z2nvliic-docker-24.0.9"
        },
        "x86_64-linux": {
          "outputs": [
            {
              "name": "out",
              "path": "/nix/store/bpg9w8878iq3i2d2571gkfhcnnxmxkgk-docker-24.0.9",
              "default": true
            }
          ],
          "store_path": "/nix/store/bpg9w8878iq3i2d2571gkfhcnnxmxkgk-docker-24.0.9"
        }
      }
    },
    "go-task@3.38.0": {
      "last_modified": "2024-07-12T10:50:49Z",
      "resolved": "github:NixOS/nixpkgs/8b5a3d5a1d951344d683b442c0739010b80039db#go-task",
      "source": "devbox-search",
      "version": "3.38.0",
      "systems": {
        "aarch64-darwin": {
          "outputs": [
            {
              "name": "out",
              "path": "/nix/store/4clgrxd19h07x7sy45fb5mj3qkshmvy1-go-task-3.38.0",
              "default": true
            }
          ],
          "store_path": "/nix/store/4clgrxd19h07x7sy45fb5mj3qkshmvy1-go-task-3.38.0"
        },
        "aarch64-linux": {
          "outputs": [
            {
              "name": "out",
              "path": "/nix/store/0icfyvbmfwnbfw1v9s5gv7l6fl1mc5g8-go-task-3.38.0",
              "default": true
            }
          ],
          "store_path": "/nix/store/0icfyvbmfwnbfw1v9s5gv7l6fl1mc5g8-go-task-3.38.0"
        },
        "x86_64-darwin": {
          "outputs": [
            {
              "name": "out",
              "path": "/nix/store/dw1h8gzlpsq0yxhvbi8fmks2j4sbljni-go-task-3.38.0",
              "default": true
            }
          ],
          "store_path": "/nix/store/dw1h8gzlpsq0yxhvbi8fmks2j4sbljni-go-task-3.38.0"
        },
        "x86_64-linux": {
          "outputs": [
            {
              "name": "out",
              "path": "/nix/store/6yg91y9vy4i0lxx24vn8f4gwp1vkiz1r-go-task-3.38.0",
              "default": true
            }
          ],
          "store_path": "/nix/store/6yg91y9vy4i0lxx24vn8f4gwp1vkiz1r-go-task-3.38.0"
        }
      }
    },
    "go@1.22": {
      "last_modified": "2024-07-07T07:43:47Z",
      "resolved": "github:NixOS/nixpkgs/b60793b86201040d9dee019a05089a9150d08b5b#go",
      "source": "devbox-search",
      "version": "1.22.5",
      "systems": {
        "aarch64-darwin": {
          "outputs": [
            {
              "name": "out",
              "path": "/nix/store/05saqcgidraqmn4z82prsp7rbj9hjmwm-go-1.22.5",
              "default": true
            }
          ],
          "store_path": "/nix/store/05saqcgidraqmn4z82prsp7rbj9hjmwm-go-1.22.5"
        },
        "aarch64-linux": {
          "outputs": [
            {
              "name": "out",
              "path": "/nix/store/b97bbxn6kpysysxb8nxn4k39ffxmp4p6-go-1.22.5",
              "default": true
            }
          ],
          "store_path": "/nix/store/b97bbxn6kpysysxb8nxn4k39ffxmp4p6-go-1.22.5"
        },
        "x86_64-darwin": {
          "outputs": [
            {
              "name": "out",
              "path": "/nix/store/gdyii59c48s4a8q6w584ccgm95qls3lh-go-1.22.5",
              "default": true
            }
          ],
          "store_path": "/nix/store/gdyii59c48s4a8q6w584ccgm95qls3lh-go-1.22.5"
        },
        "x86_64-linux": {
          "outputs": [
            {
              "name": "out",
              "path": "/nix/store/3v17dij8rvg7q99009swxg52995r7s22-go-1.22.5",
              "default": true
            }
          ],
          "store_path": "/nix/store/3v17dij8rvg7q99009swxg52995r7s22-go-1.22.5"
        }
      }
    },
    "helm": {
      "resolved": "github:NixOS/nixpkgs/75a52265bda7fd25e06e3a67dee3f0354e73243c#helm",
      "source": "nixpkg",
      "systems": {
        "x86_64-linux": {
          "outputs": [
            {
              "path": "/nix/store/gllj5c99n192dkh12gdf85ngsik3z289-helm-0.9.0",
              "default": true
            }
          ]
        }
      }
    },
    "kubectl": {
      "resolved": "github:NixOS/nixpkgs/75a52265bda7fd25e06e3a67dee3f0354e73243c#kubectl",
      "source": "nixpkg",
      "systems": {
        "x86_64-linux": {
          "outputs": [
            {
              "path": "/nix/store/k3bhqxjgpxzlb6i28cyaxp84p13ky5q8-kubectl-1.28.3",
              "default": true
            },
            {
              "name": "man",
              "path": "/nix/store/n591fkha0bzh2vikpwzvqp34ffvw5r4g-kubectl-1.28.3-man",
              "default": true
            }
          ]
        }
      }
    },
    "kustomize": {
      "resolved": "github:NixOS/nixpkgs/75a52265bda7fd25e06e3a67dee3f0354e73243c#kustomize",
      "source": "nixpkg",
      "systems": {
        "x86_64-linux": {
          "outputs": [
            {
              "path": "/nix/store/acpd3mkb4z1h3i0s1fmc82c8gqg18590-kustomize-5.2.1",
              "default": true
            }
          ]
        }
      }
    }
  }
}
