{
  "lockfile_version": "1",
  "packages": {
    "docker@24.0.9": {
      "last_modified": "2024-07-27T00:41:21Z",
      "resolved": "github:NixOS/nixpkgs/48bacf585a51d953def8bff32087970f273052e2#docker",
      "source": "devbox-search",
      "version": "24.0.9",
      "systems": {
        "aarch64-darwin": {
          "outputs": [
            {
              "name": "out",
              "path": "/nix/store/qy96rirjs6irlr4bpqiqqbwg71cxh6js-docker-24.0.9",
              "default": true
            }
          ],
          "store_path": "/nix/store/qy96rirjs6irlr4bpqiqqbwg71cxh6js-docker-24.0.9"
        },
        "aarch64-linux": {
          "outputs": [
            {
              "name": "out",
              "path": "/nix/store/fl9m8f3vv8y4j2lnsfq5kg7qk2mn5igs-docker-24.0.9",
              "default": true
            }
          ],
          "store_path": "/nix/store/fl9m8f3vv8y4j2lnsfq5kg7qk2mn5igs-docker-24.0.9"
        },
        "x86_64-darwin": {
          "outputs": [
            {
              "name": "out",
              "path": "/nix/store/k2s66pgszwyvzjnfm2jzz0d5z2nvliic-docker-24.0.9",
              "default": true
            }
          ],
          "store_path": "/nix/store/k2s66pgszwyvzjnfm2jzz0d5z2nvliic-docker-24.0.9"
        },
        "x86_64-linux": {
          "outputs": [
            {
              "name": "out",
              "path": "/nix/store/bpg9w8878iq3i2d2571gkfhcnnxmxkgk-docker-24.0.9",
              "default": true
            }
          ],
          "store_path": "/nix/store/bpg9w8878iq3i2d2571gkfhcnnxmxkgk-docker-24.0.9"
        }
      }
    },
    "go-task@3.38.0": {
      "last_modified": "2024-09-10T15:01:03Z",
      "resolved": "github:NixOS/nixpkgs/5ed627539ac84809c78b2dd6d26a5cebeb5ae269#go-task",
      "source": "devbox-search",
      "version": "3.38.0",
      "systems": {
        "aarch64-darwin": {
          "outputs": [
            {
              "name": "out",
              "path": "/nix/store/6fnjga1f6y9yw0xfa7bqq48mk4wnwj60-go-task-3.38.0",
              "default": true
            }
          ],
          "store_path": "/nix/store/6fnjga1f6y9yw0xfa7bqq48mk4wnwj60-go-task-3.38.0"
        },
        "aarch64-linux": {
          "outputs": [
            {
              "name": "out",
              "path": "/nix/store/y00rivpjziw0zpzacdxjmrs5i28d7grf-go-task-3.38.0",
              "default": true
            }
          ],
          "store_path": "/nix/store/y00rivpjziw0zpzacdxjmrs5i28d7grf-go-task-3.38.0"
        },
        "x86_64-darwin": {
          "outputs": [
            {
              "name": "out",
              "path": "/nix/store/kc0zm9kgsraznqyns5jqv0dixfgk6fm7-go-task-3.38.0",
              "default": true
            }
          ],
          "store_path": "/nix/store/kc0zm9kgsraznqyns5jqv0dixfgk6fm7-go-task-3.38.0"
        },
        "x86_64-linux": {
          "outputs": [
            {
              "name": "out",
              "path": "/nix/store/6fya93gcf8sla6npxp99rnbvyj6pmnr5-go-task-3.38.0",
              "default": true
            }
          ],
          "store_path": "/nix/store/6fya93gcf8sla6npxp99rnbvyj6pmnr5-go-task-3.38.0"
        }
      }
    },
    "go@1.22": {
      "last_modified": "2024-09-10T15:01:03Z",
      "resolved": "github:NixOS/nixpkgs/5ed627539ac84809c78b2dd6d26a5cebeb5ae269#go",
      "source": "devbox-search",
      "version": "1.22.7",
      "systems": {
        "aarch64-darwin": {
          "outputs": [
            {
              "name": "out",
              "path": "/nix/store/rfcwglhhspqx5v5h0sl4b3py14i6vpxa-go-1.22.7",
              "default": true
            }
          ],
          "store_path": "/nix/store/rfcwglhhspqx5v5h0sl4b3py14i6vpxa-go-1.22.7"
        },
        "aarch64-linux": {
          "outputs": [
            {
              "name": "out",
              "path": "/nix/store/64z59pb0ss407rbv1fcvq0ynngrwfa6k-go-1.22.7",
              "default": true
            }
          ],
          "store_path": "/nix/store/64z59pb0ss407rbv1fcvq0ynngrwfa6k-go-1.22.7"
        },
        "x86_64-darwin": {
          "outputs": [
            {
              "name": "out",
              "path": "/nix/store/r8199g59rmp6ac0lnx86fpk57fbxc3bk-go-1.22.7",
              "default": true
            }
          ],
          "store_path": "/nix/store/r8199g59rmp6ac0lnx86fpk57fbxc3bk-go-1.22.7"
        },
        "x86_64-linux": {
          "outputs": [
            {
              "name": "out",
              "path": "/nix/store/chzgk756zb2cqlzbjr86m0lfxi63cdfy-go-1.22.7",
              "default": true
            }
          ],
          "store_path": "/nix/store/chzgk756zb2cqlzbjr86m0lfxi63cdfy-go-1.22.7"
        }
      }
    },
    "kubebuilder@3.15.0": {
      "last_modified": "2024-05-22T06:18:38Z",
      "resolved": "github:NixOS/nixpkgs/3f316d2a50699a78afe5e77ca486ad553169061e#kubebuilder",
      "source": "devbox-search",
      "version": "3.15.0",
      "systems": {
        "aarch64-darwin": {
          "outputs": [
            {
              "name": "out",
              "path": "/nix/store/z1zf00p3mmsmymyazqzi8mviyzlhd3k9-kubebuilder-3.15.0",
              "default": true
            }
          ],
          "store_path": "/nix/store/z1zf00p3mmsmymyazqzi8mviyzlhd3k9-kubebuilder-3.15.0"
        },
        "aarch64-linux": {
          "outputs": [
            {
              "name": "out",
              "path": "/nix/store/d70xnl9vm7sh7vkv1iqdr98gk8axadv6-kubebuilder-3.15.0",
              "default": true
            }
          ],
          "store_path": "/nix/store/d70xnl9vm7sh7vkv1iqdr98gk8axadv6-kubebuilder-3.15.0"
        },
        "x86_64-darwin": {
          "outputs": [
            {
              "name": "out",
              "path": "/nix/store/rs7b1prlkn7447frhq7xm5yr4p3ysv2n-kubebuilder-3.15.0",
              "default": true
            }
          ],
          "store_path": "/nix/store/rs7b1prlkn7447frhq7xm5yr4p3ysv2n-kubebuilder-3.15.0"
        },
        "x86_64-linux": {
          "outputs": [
            {
              "name": "out",
              "path": "/nix/store/9jww5w0w4fmlcinv1v839qjzbmkc6ih2-kubebuilder-3.15.0",
              "default": true
            }
          ],
          "store_path": "/nix/store/9jww5w0w4fmlcinv1v839qjzbmkc6ih2-kubebuilder-3.15.0"
        }
      }
    },
    "kubectl@latest": {
      "last_modified": "2024-09-20T05:11:28Z",
      "resolved": "github:NixOS/nixpkgs/79454ee9aacc9714653a4e7eb2a52b717728caff#kubectl",
      "source": "devbox-search",
      "version": "1.31.0",
      "systems": {
        "aarch64-darwin": {
          "outputs": [
            {
              "name": "out",
              "path": "/nix/store/a3sbf306xajs0af6pcz34pw4pi9mkmj5-kubectl-1.31.0",
              "default": true
            },
            {
              "name": "man",
              "path": "/nix/store/ap867akfi9x10mzsbna51rxfh5wx5av2-kubectl-1.31.0-man",
              "default": true
            },
            {
              "name": "convert",
              "path": "/nix/store/n3g8pl6v8qf08d6z6pjllrb89ysr1zsc-kubectl-1.31.0-convert"
            }
          ],
          "store_path": "/nix/store/a3sbf306xajs0af6pcz34pw4pi9mkmj5-kubectl-1.31.0"
        },
        "aarch64-linux": {
          "outputs": [
            {
              "name": "out",
              "path": "/nix/store/qg9r3qqnjjxqmaq9qqbyh9x12k1vvqhv-kubectl-1.31.0",
              "default": true
            },
            {
              "name": "man",
              "path": "/nix/store/j132aazwv8nylcr4ciddmyhfwy48al5w-kubectl-1.31.0-man",
              "default": true
            },
            {
              "name": "convert",
              "path": "/nix/store/rc505l8rn9sd9g75hkxv1vq8zhr37j4x-kubectl-1.31.0-convert"
            }
          ],
          "store_path": "/nix/store/qg9r3qqnjjxqmaq9qqbyh9x12k1vvqhv-kubectl-1.31.0"
        },
        "x86_64-darwin": {
          "outputs": [
            {
              "name": "out",
              "path": "/nix/store/c5q71r4zbx9jjrdg1bky82q3ak87dsmn-kubectl-1.31.0",
              "default": true
            },
            {
              "name": "man",
              "path": "/nix/store/fqnpf91mg1w1z7glgx42wxgw8k2j4ym0-kubectl-1.31.0-man",
              "default": true
            },
            {
              "name": "convert",
              "path": "/nix/store/arnjlmd1zxdnp76qgk343ybqkjs3d4fb-kubectl-1.31.0-convert"
            }
          ],
          "store_path": "/nix/store/c5q71r4zbx9jjrdg1bky82q3ak87dsmn-kubectl-1.31.0"
        },
        "x86_64-linux": {
          "outputs": [
            {
              "name": "out",
              "path": "/nix/store/2xi1vzmqlbsqg9k3n1m204n56als7lyn-kubectl-1.31.0",
              "default": true
            },
            {
              "name": "man",
              "path": "/nix/store/75y8hkbk46qksfhqbkv5ass7xx3x1xsh-kubectl-1.31.0-man",
              "default": true
            },
            {
              "name": "convert",
              "path": "/nix/store/h9v1hlig44y827ms1cszwld3agdbh47k-kubectl-1.31.0-convert"
            }
          ],
          "store_path": "/nix/store/2xi1vzmqlbsqg9k3n1m204n56als7lyn-kubectl-1.31.0"
        }
      }
    },
    "kubernetes-controller-tools@0.14.0": {
      "last_modified": "2024-08-31T10:12:23Z",
      "resolved": "github:NixOS/nixpkgs/5629520edecb69630a3f4d17d3d33fc96c13f6fe#kubernetes-controller-tools",
      "source": "devbox-search",
      "version": "0.14.0",
      "systems": {
        "aarch64-darwin": {
          "outputs": [
            {
              "name": "out",
              "path": "/nix/store/6a67y39l8qkwppkhfzrjvf72j5gkdhkb-controller-tools-0.14.0",
              "default": true
            }
          ],
          "store_path": "/nix/store/6a67y39l8qkwppkhfzrjvf72j5gkdhkb-controller-tools-0.14.0"
        },
        "aarch64-linux": {
          "outputs": [
            {
              "name": "out",
              "path": "/nix/store/mbjdgnzpjkmhmjr0jibzm0kmsy81bqmp-controller-tools-0.14.0",
              "default": true
            }
          ],
          "store_path": "/nix/store/mbjdgnzpjkmhmjr0jibzm0kmsy81bqmp-controller-tools-0.14.0"
        },
        "x86_64-darwin": {
          "outputs": [
            {
              "name": "out",
              "path": "/nix/store/pih2lpk4j4rapybbjsnd5r4msrmq0a47-controller-tools-0.14.0",
              "default": true
            }
          ],
          "store_path": "/nix/store/pih2lpk4j4rapybbjsnd5r4msrmq0a47-controller-tools-0.14.0"
        },
        "x86_64-linux": {
          "outputs": [
            {
              "name": "out",
              "path": "/nix/store/rsncshh9xwfy0hwkad1m2rfjiv3pvr5y-controller-tools-0.14.0",
              "default": true
            }
          ],
          "store_path": "/nix/store/rsncshh9xwfy0hwkad1m2rfjiv3pvr5y-controller-tools-0.14.0"
        }
      }
    },
    "kubernetes-helm@3.15.0": {
      "last_modified": "2024-05-22T06:18:38Z",
      "resolved": "github:NixOS/nixpkgs/3f316d2a50699a78afe5e77ca486ad553169061e#kubernetes-helm",
      "source": "devbox-search",
      "version": "3.15.0",
      "systems": {
        "aarch64-darwin": {
          "outputs": [
            {
              "name": "out",
              "path": "/nix/store/axs68dnj43ippkns54j46kx9287fil2d-kubernetes-helm-3.15.0",
              "default": true
            }
          ],
          "store_path": "/nix/store/axs68dnj43ippkns54j46kx9287fil2d-kubernetes-helm-3.15.0"
        },
        "aarch64-linux": {
          "outputs": [
            {
              "name": "out",
              "path": "/nix/store/8r3hs2rgp31r7pbpcvg2crpss59ksdx6-kubernetes-helm-3.15.0",
              "default": true
            }
          ],
          "store_path": "/nix/store/8r3hs2rgp31r7pbpcvg2crpss59ksdx6-kubernetes-helm-3.15.0"
        },
        "x86_64-darwin": {
          "outputs": [
            {
              "name": "out",
              "path": "/nix/store/z6xxfif4nq5xm67sy3f0mkq9bjhmd9i2-kubernetes-helm-3.15.0",
              "default": true
            }
          ],
          "store_path": "/nix/store/z6xxfif4nq5xm67sy3f0mkq9bjhmd9i2-kubernetes-helm-3.15.0"
        },
        "x86_64-linux": {
          "outputs": [
            {
              "name": "out",
              "path": "/nix/store/j62dsi1irbigv95zz8r81r4517jn77mk-kubernetes-helm-3.15.0",
              "default": true
            }
          ],
          "store_path": "/nix/store/j62dsi1irbigv95zz8r81r4517jn77mk-kubernetes-helm-3.15.0"
        }
      }
    },
    "kustomize@latest": {
      "last_modified": "2024-09-10T15:01:03Z",
      "resolved": "github:NixOS/nixpkgs/5ed627539ac84809c78b2dd6d26a5cebeb5ae269#kustomize",
      "source": "devbox-search",
      "version": "5.4.3",
      "systems": {
        "aarch64-darwin": {
          "outputs": [
            {
              "name": "out",
              "path": "/nix/store/cj6162hcll6jw4lp0cvlh78jlwb42kvc-kustomize-5.4.3",
              "default": true
            }
          ],
          "store_path": "/nix/store/cj6162hcll6jw4lp0cvlh78jlwb42kvc-kustomize-5.4.3"
        },
        "aarch64-linux": {
          "outputs": [
            {
              "name": "out",
              "path": "/nix/store/bfz8np8k8l4xn6qq4qacwcqgmnx57vy7-kustomize-5.4.3",
              "default": true
            }
          ],
          "store_path": "/nix/store/bfz8np8k8l4xn6qq4qacwcqgmnx57vy7-kustomize-5.4.3"
        },
        "x86_64-darwin": {
          "outputs": [
            {
              "name": "out",
              "path": "/nix/store/fklmq6hmq8fq5ggxk59yrqhqrjkpb5nn-kustomize-5.4.3",
              "default": true
            }
          ],
          "store_path": "/nix/store/fklmq6hmq8fq5ggxk59yrqhqrjkpb5nn-kustomize-5.4.3"
        },
        "x86_64-linux": {
          "outputs": [
            {
              "name": "out",
              "path": "/nix/store/1xp4g0r29lkd2c8f3qmhw3flv873z20q-kustomize-5.4.3",
              "default": true
            }
          ],
          "store_path": "/nix/store/1xp4g0r29lkd2c8f3qmhw3flv873z20q-kustomize-5.4.3"
        }
      }
    },
    "mockgen@latest": {
      "last_modified": "2024-09-10T15:01:03Z",
      "resolved": "github:NixOS/nixpkgs/5ed627539ac84809c78b2dd6d26a5cebeb5ae269#mockgen",
      "source": "devbox-search",
      "version": "0.4.0",
      "systems": {
        "aarch64-darwin": {
          "outputs": [
            {
              "name": "out",
              "path": "/nix/store/5s4nykj033fl4aq5mji0zxwy5ki7n29l-mockgen-0.4.0",
              "default": true
            }
          ],
          "store_path": "/nix/store/5s4nykj033fl4aq5mji0zxwy5ki7n29l-mockgen-0.4.0"
        },
        "aarch64-linux": {
          "outputs": [
            {
              "name": "out",
              "path": "/nix/store/y6w0plzzqscn1yymp4mk4iwhjawx6vg0-mockgen-0.4.0",
              "default": true
            }
          ],
          "store_path": "/nix/store/y6w0plzzqscn1yymp4mk4iwhjawx6vg0-mockgen-0.4.0"
        },
        "x86_64-darwin": {
          "outputs": [
            {
              "name": "out",
              "path": "/nix/store/pqwna47s19qvd8hah0ab07f8sb1f94jz-mockgen-0.4.0",
              "default": true
            }
          ],
          "store_path": "/nix/store/pqwna47s19qvd8hah0ab07f8sb1f94jz-mockgen-0.4.0"
        },
        "x86_64-linux": {
          "outputs": [
            {
              "name": "out",
              "path": "/nix/store/c8i0z5ayr1lgsm2m9qyv6p7kjcxnknia-mockgen-0.4.0",
              "default": true
            }
          ],
          "store_path": "/nix/store/c8i0z5ayr1lgsm2m9qyv6p7kjcxnknia-mockgen-0.4.0"
        }
      }
    }
  }
}
